// !$*UTF8*$!
{
	archiveVersion = 1;
	classes = {
	};
	objectVersion = 46;
	objects = {

/* Begin PBXBuildFile section */
		5E3D11027877B559D03C14B0 /* libPods-CharlotteTests.a in Frameworks */ = {isa = PBXBuildFile; fileRef = DC5B544B6CC759F0B28F9825 /* libPods-CharlotteTests.a */; };
		962BBDB619F03D290038597C /* CHLineView.h in Headers */ = {isa = PBXBuildFile; fileRef = 962BBDB419F03D290038597C /* CHLineView.h */; };
		962BBDB719F03D290038597C /* CHLineView.m in Sources */ = {isa = PBXBuildFile; fileRef = 962BBDB519F03D290038597C /* CHLineView.m */; };
		964D232A19E708FE0096F3FD /* CHChartView.h in Headers */ = {isa = PBXBuildFile; fileRef = 964D232819E708FE0096F3FD /* CHChartView.h */; };
		964D232B19E708FE0096F3FD /* CHChartView.m in Sources */ = {isa = PBXBuildFile; fileRef = 964D232919E708FE0096F3FD /* CHChartView.m */; };
		964D233219E71AE90096F3FD /* CHPagingChartFlowLayout.h in Headers */ = {isa = PBXBuildFile; fileRef = 964D233019E71AE90096F3FD /* CHPagingChartFlowLayout.h */; };
		964D233319E71AE90096F3FD /* CHPagingChartFlowLayout.m in Sources */ = {isa = PBXBuildFile; fileRef = 964D233119E71AE90096F3FD /* CHPagingChartFlowLayout.m */; };
		964D233619E7510E0096F3FD /* CHBarCell.h in Headers */ = {isa = PBXBuildFile; fileRef = 964D233419E7510E0096F3FD /* CHBarCell.h */; };
		964D233719E7510E0096F3FD /* CHBarCell.m in Sources */ = {isa = PBXBuildFile; fileRef = 964D233519E7510E0096F3FD /* CHBarCell.m */; };
		96839ABC19EEF23E0094AED9 /* CHBarChartView.h in Headers */ = {isa = PBXBuildFile; fileRef = 96839ABA19EEF23E0094AED9 /* CHBarChartView.h */; };
		96839ABD19EEF23E0094AED9 /* CHBarChartView.m in Sources */ = {isa = PBXBuildFile; fileRef = 96839ABB19EEF23E0094AED9 /* CHBarChartView.m */; };
		96839AC019EEF3140094AED9 /* CHPointCell.h in Headers */ = {isa = PBXBuildFile; fileRef = 96839ABE19EEF3140094AED9 /* CHPointCell.h */; };
		96839AC119EEF3140094AED9 /* CHPointCell.m in Sources */ = {isa = PBXBuildFile; fileRef = 96839ABF19EEF3140094AED9 /* CHPointCell.m */; };
		96839AC419EEF3330094AED9 /* CHLineChartView.h in Headers */ = {isa = PBXBuildFile; fileRef = 96839AC219EEF3330094AED9 /* CHLineChartView.h */; };
		96839AC519EEF3330094AED9 /* CHLineChartView.m in Sources */ = {isa = PBXBuildFile; fileRef = 96839AC319EEF3330094AED9 /* CHLineChartView.m */; };
		96839AC719EEF59A0094AED9 /* CHChartView_Private.h in Headers */ = {isa = PBXBuildFile; fileRef = 96839AC619EEF59A0094AED9 /* CHChartView_Private.h */; };
		96839AC919EEFC070094AED9 /* CHPointCell_Private.h in Headers */ = {isa = PBXBuildFile; fileRef = 96839AC819EEFC070094AED9 /* CHPointCell_Private.h */; };
		9688C35219F57E19006D9096 /* CHTouchGestureRecognizer.h in Headers */ = {isa = PBXBuildFile; fileRef = 9688C35019F57E19006D9096 /* CHTouchGestureRecognizer.h */; };
		9688C35319F57E19006D9096 /* CHTouchGestureRecognizer.m in Sources */ = {isa = PBXBuildFile; fileRef = 9688C35119F57E19006D9096 /* CHTouchGestureRecognizer.m */; };
		968D2FB519E81EC40071306C /* CHHeaderView.h in Headers */ = {isa = PBXBuildFile; fileRef = 968D2FB319E81EC40071306C /* CHHeaderView.h */; };
		968D2FB619E81EC40071306C /* CHHeaderView.m in Sources */ = {isa = PBXBuildFile; fileRef = 968D2FB419E81EC40071306C /* CHHeaderView.m */; };
		9691DFCC19ED6DF100386A5D /* CHGridlineView.h in Headers */ = {isa = PBXBuildFile; fileRef = 9691DFCA19ED6DF100386A5D /* CHGridlineView.h */; };
		9691DFCD19ED6DF100386A5D /* CHGridlineView.m in Sources */ = {isa = PBXBuildFile; fileRef = 9691DFCB19ED6DF100386A5D /* CHGridlineView.m */; };
		9696A03319DDA20D0085A508 /* Charlotte.framework in Frameworks */ = {isa = PBXBuildFile; fileRef = 96DDD67719DC9CE8005CCD07 /* Charlotte.framework */; };
		969ABDF819F04F72007D03C5 /* CHPagingLineChartFlowLayout.h in Headers */ = {isa = PBXBuildFile; fileRef = 969ABDF619F04F72007D03C5 /* CHPagingLineChartFlowLayout.h */; };
		969ABDF919F04F72007D03C5 /* CHPagingLineChartFlowLayout.m in Sources */ = {isa = PBXBuildFile; fileRef = 969ABDF719F04F72007D03C5 /* CHPagingLineChartFlowLayout.m */; };
		969E2A5919F1B1050036C0C2 /* UIBezierPath+Interpolation.h in Headers */ = {isa = PBXBuildFile; fileRef = 969E2A5719F1B1050036C0C2 /* UIBezierPath+Interpolation.h */; };
		969E2A5A19F1B1050036C0C2 /* UIBezierPath+Interpolation.m in Sources */ = {isa = PBXBuildFile; fileRef = 969E2A5819F1B1050036C0C2 /* UIBezierPath+Interpolation.m */; };
		969E2A5D19F1B11E0036C0C2 /* CGPointExtension.h in Headers */ = {isa = PBXBuildFile; fileRef = 969E2A5B19F1B11E0036C0C2 /* CGPointExtension.h */; };
		969E2A5E19F1B11E0036C0C2 /* CGPointExtension.m in Sources */ = {isa = PBXBuildFile; fileRef = 969E2A5C19F1B11E0036C0C2 /* CGPointExtension.m */; };
		96DDD67D19DC9CE8005CCD07 /* Charlotte.h in Headers */ = {isa = PBXBuildFile; fileRef = 96DDD67C19DC9CE8005CCD07 /* Charlotte.h */; settings = {ATTRIBUTES = (Public, ); }; };
/* End PBXBuildFile section */

/* Begin PBXContainerItemProxy section */
		9696A03119DDA0D80085A508 /* PBXContainerItemProxy */ = {
			isa = PBXContainerItemProxy;
			containerPortal = 96DDD66E19DC9CE8005CCD07 /* Project object */;
			proxyType = 1;
			remoteGlobalIDString = 96DDD67619DC9CE8005CCD07;
			remoteInfo = Charlotte;
		};
/* End PBXContainerItemProxy section */

/* Begin PBXFileReference section */
		58113B0BC0B1A30968254A1C /* Pods-CharlotteTests.release.xcconfig */ = {isa = PBXFileReference; includeInIndex = 1; lastKnownFileType = text.xcconfig; name = "Pods-CharlotteTests.release.xcconfig"; path = "Pods/Target Support Files/Pods-CharlotteTests/Pods-CharlotteTests.release.xcconfig"; sourceTree = "<group>"; };
		962BBDB419F03D290038597C /* CHLineView.h */ = {isa = PBXFileReference; fileEncoding = 4; lastKnownFileType = sourcecode.c.h; path = CHLineView.h; sourceTree = "<group>"; };
		962BBDB519F03D290038597C /* CHLineView.m */ = {isa = PBXFileReference; fileEncoding = 4; lastKnownFileType = sourcecode.c.objc; path = CHLineView.m; sourceTree = "<group>"; };
		964D232819E708FE0096F3FD /* CHChartView.h */ = {isa = PBXFileReference; fileEncoding = 4; lastKnownFileType = sourcecode.c.h; path = CHChartView.h; sourceTree = "<group>"; };
		964D232919E708FE0096F3FD /* CHChartView.m */ = {isa = PBXFileReference; fileEncoding = 4; lastKnownFileType = sourcecode.c.objc; path = CHChartView.m; sourceTree = "<group>"; };
		964D233019E71AE90096F3FD /* CHPagingChartFlowLayout.h */ = {isa = PBXFileReference; fileEncoding = 4; lastKnownFileType = sourcecode.c.h; path = CHPagingChartFlowLayout.h; sourceTree = "<group>"; };
		964D233119E71AE90096F3FD /* CHPagingChartFlowLayout.m */ = {isa = PBXFileReference; fileEncoding = 4; lastKnownFileType = sourcecode.c.objc; path = CHPagingChartFlowLayout.m; sourceTree = "<group>"; };
		964D233419E7510E0096F3FD /* CHBarCell.h */ = {isa = PBXFileReference; fileEncoding = 4; lastKnownFileType = sourcecode.c.h; path = CHBarCell.h; sourceTree = "<group>"; };
		964D233519E7510E0096F3FD /* CHBarCell.m */ = {isa = PBXFileReference; fileEncoding = 4; lastKnownFileType = sourcecode.c.objc; path = CHBarCell.m; sourceTree = "<group>"; };
		96839ABA19EEF23E0094AED9 /* CHBarChartView.h */ = {isa = PBXFileReference; fileEncoding = 4; lastKnownFileType = sourcecode.c.h; path = CHBarChartView.h; sourceTree = "<group>"; };
		96839ABB19EEF23E0094AED9 /* CHBarChartView.m */ = {isa = PBXFileReference; fileEncoding = 4; lastKnownFileType = sourcecode.c.objc; path = CHBarChartView.m; sourceTree = "<group>"; };
		96839ABE19EEF3140094AED9 /* CHPointCell.h */ = {isa = PBXFileReference; fileEncoding = 4; lastKnownFileType = sourcecode.c.h; path = CHPointCell.h; sourceTree = "<group>"; };
		96839ABF19EEF3140094AED9 /* CHPointCell.m */ = {isa = PBXFileReference; fileEncoding = 4; lastKnownFileType = sourcecode.c.objc; path = CHPointCell.m; sourceTree = "<group>"; };
		96839AC219EEF3330094AED9 /* CHLineChartView.h */ = {isa = PBXFileReference; fileEncoding = 4; lastKnownFileType = sourcecode.c.h; path = CHLineChartView.h; sourceTree = "<group>"; };
		96839AC319EEF3330094AED9 /* CHLineChartView.m */ = {isa = PBXFileReference; fileEncoding = 4; lastKnownFileType = sourcecode.c.objc; path = CHLineChartView.m; sourceTree = "<group>"; };
		96839AC619EEF59A0094AED9 /* CHChartView_Private.h */ = {isa = PBXFileReference; fileEncoding = 4; lastKnownFileType = sourcecode.c.h; path = CHChartView_Private.h; sourceTree = "<group>"; };
		96839AC819EEFC070094AED9 /* CHPointCell_Private.h */ = {isa = PBXFileReference; fileEncoding = 4; lastKnownFileType = sourcecode.c.h; path = CHPointCell_Private.h; sourceTree = "<group>"; };
		9688C35019F57E19006D9096 /* CHTouchGestureRecognizer.h */ = {isa = PBXFileReference; fileEncoding = 4; lastKnownFileType = sourcecode.c.h; path = CHTouchGestureRecognizer.h; sourceTree = "<group>"; };
		9688C35119F57E19006D9096 /* CHTouchGestureRecognizer.m */ = {isa = PBXFileReference; fileEncoding = 4; lastKnownFileType = sourcecode.c.objc; path = CHTouchGestureRecognizer.m; sourceTree = "<group>"; };
		968D2FB319E81EC40071306C /* CHHeaderView.h */ = {isa = PBXFileReference; fileEncoding = 4; lastKnownFileType = sourcecode.c.h; path = CHHeaderView.h; sourceTree = "<group>"; };
		968D2FB419E81EC40071306C /* CHHeaderView.m */ = {isa = PBXFileReference; fileEncoding = 4; lastKnownFileType = sourcecode.c.objc; path = CHHeaderView.m; sourceTree = "<group>"; };
		9691DFCA19ED6DF100386A5D /* CHGridlineView.h */ = {isa = PBXFileReference; fileEncoding = 4; lastKnownFileType = sourcecode.c.h; path = CHGridlineView.h; sourceTree = "<group>"; };
		9691DFCB19ED6DF100386A5D /* CHGridlineView.m */ = {isa = PBXFileReference; fileEncoding = 4; lastKnownFileType = sourcecode.c.objc; path = CHGridlineView.m; sourceTree = "<group>"; };
		969ABDF619F04F72007D03C5 /* CHPagingLineChartFlowLayout.h */ = {isa = PBXFileReference; fileEncoding = 4; lastKnownFileType = sourcecode.c.h; path = CHPagingLineChartFlowLayout.h; sourceTree = "<group>"; };
		969ABDF719F04F72007D03C5 /* CHPagingLineChartFlowLayout.m */ = {isa = PBXFileReference; fileEncoding = 4; lastKnownFileType = sourcecode.c.objc; path = CHPagingLineChartFlowLayout.m; sourceTree = "<group>"; };
		969E2A5719F1B1050036C0C2 /* UIBezierPath+Interpolation.h */ = {isa = PBXFileReference; fileEncoding = 4; lastKnownFileType = sourcecode.c.h; path = "UIBezierPath+Interpolation.h"; sourceTree = "<group>"; };
		969E2A5819F1B1050036C0C2 /* UIBezierPath+Interpolation.m */ = {isa = PBXFileReference; fileEncoding = 4; lastKnownFileType = sourcecode.c.objc; path = "UIBezierPath+Interpolation.m"; sourceTree = "<group>"; };
		969E2A5B19F1B11E0036C0C2 /* CGPointExtension.h */ = {isa = PBXFileReference; fileEncoding = 4; lastKnownFileType = sourcecode.c.h; path = CGPointExtension.h; sourceTree = "<group>"; };
		969E2A5C19F1B11E0036C0C2 /* CGPointExtension.m */ = {isa = PBXFileReference; fileEncoding = 4; lastKnownFileType = sourcecode.c.objc; path = CGPointExtension.m; sourceTree = "<group>"; };
		96DDD67719DC9CE8005CCD07 /* Charlotte.framework */ = {isa = PBXFileReference; explicitFileType = wrapper.framework; includeInIndex = 0; path = Charlotte.framework; sourceTree = BUILT_PRODUCTS_DIR; };
		96DDD67B19DC9CE8005CCD07 /* Info.plist */ = {isa = PBXFileReference; lastKnownFileType = text.plist.xml; path = Info.plist; sourceTree = "<group>"; };
		96DDD67C19DC9CE8005CCD07 /* Charlotte.h */ = {isa = PBXFileReference; lastKnownFileType = sourcecode.c.h; path = Charlotte.h; sourceTree = "<group>"; };
		96DDD68219DC9CE8005CCD07 /* CharlotteTests.xctest */ = {isa = PBXFileReference; explicitFileType = wrapper.cfbundle; includeInIndex = 0; path = CharlotteTests.xctest; sourceTree = BUILT_PRODUCTS_DIR; };
		96DDD68519DC9CE8005CCD07 /* Info.plist */ = {isa = PBXFileReference; lastKnownFileType = text.plist.xml; path = Info.plist; sourceTree = "<group>"; };
		A1B103F3F5490C4C888EB57F /* Pods-CharlotteTests.debug.xcconfig */ = {isa = PBXFileReference; includeInIndex = 1; lastKnownFileType = text.xcconfig; name = "Pods-CharlotteTests.debug.xcconfig"; path = "Pods/Target Support Files/Pods-CharlotteTests/Pods-CharlotteTests.debug.xcconfig"; sourceTree = "<group>"; };
		DC5B544B6CC759F0B28F9825 /* libPods-CharlotteTests.a */ = {isa = PBXFileReference; explicitFileType = archive.ar; includeInIndex = 0; path = "libPods-CharlotteTests.a"; sourceTree = BUILT_PRODUCTS_DIR; };
/* End PBXFileReference section */

/* Begin PBXFrameworksBuildPhase section */
		96DDD67319DC9CE8005CCD07 /* Frameworks */ = {
			isa = PBXFrameworksBuildPhase;
			buildActionMask = 2147483647;
			files = (
			);
			runOnlyForDeploymentPostprocessing = 0;
		};
		96DDD67F19DC9CE8005CCD07 /* Frameworks */ = {
			isa = PBXFrameworksBuildPhase;
			buildActionMask = 2147483647;
			files = (
				9696A03319DDA20D0085A508 /* Charlotte.framework in Frameworks */,
				5E3D11027877B559D03C14B0 /* libPods-CharlotteTests.a in Frameworks */,
			);
			runOnlyForDeploymentPostprocessing = 0;
		};
/* End PBXFrameworksBuildPhase section */

/* Begin PBXGroup section */
		5E18DAB0AC519804EA72488C /* Frameworks */ = {
			isa = PBXGroup;
			children = (
				DC5B544B6CC759F0B28F9825 /* libPods-CharlotteTests.a */,
			);
			name = Frameworks;
			sourceTree = "<group>";
		};
		969ABDF319F04EE4007D03C5 /* Cells */ = {
			isa = PBXGroup;
			children = (
				964D233419E7510E0096F3FD /* CHBarCell.h */,
				964D233519E7510E0096F3FD /* CHBarCell.m */,
				96839AC819EEFC070094AED9 /* CHPointCell_Private.h */,
				96839ABE19EEF3140094AED9 /* CHPointCell.h */,
				96839ABF19EEF3140094AED9 /* CHPointCell.m */,
			);
			name = Cells;
			sourceTree = "<group>";
		};
		969ABDF419F04EF1007D03C5 /* SupplementaryViews */ = {
			isa = PBXGroup;
			children = (
				968D2FB319E81EC40071306C /* CHHeaderView.h */,
				968D2FB419E81EC40071306C /* CHHeaderView.m */,
				962BBDB419F03D290038597C /* CHLineView.h */,
				962BBDB519F03D290038597C /* CHLineView.m */,
			);
			name = SupplementaryViews;
			sourceTree = "<group>";
		};
		969ABDF519F04F0A007D03C5 /* Layouts */ = {
			isa = PBXGroup;
			children = (
				964D233019E71AE90096F3FD /* CHPagingChartFlowLayout.h */,
				964D233119E71AE90096F3FD /* CHPagingChartFlowLayout.m */,
				969ABDF619F04F72007D03C5 /* CHPagingLineChartFlowLayout.h */,
				969ABDF719F04F72007D03C5 /* CHPagingLineChartFlowLayout.m */,
			);
			name = Layouts;
			sourceTree = "<group>";
		};
		969E2A5619F1B0E60036C0C2 /* Vendor */ = {
			isa = PBXGroup;
			children = (
				969E2A5B19F1B11E0036C0C2 /* CGPointExtension.h */,
				969E2A5C19F1B11E0036C0C2 /* CGPointExtension.m */,
				969E2A5719F1B1050036C0C2 /* UIBezierPath+Interpolation.h */,
				969E2A5819F1B1050036C0C2 /* UIBezierPath+Interpolation.m */,
			);
			name = Vendor;
			sourceTree = "<group>";
		};
		96DDD66D19DC9CE8005CCD07 = {
			isa = PBXGroup;
			children = (
				96DDD67919DC9CE8005CCD07 /* Charlotte */,
				96DDD68319DC9CE8005CCD07 /* CharlotteTests */,
				96DDD67819DC9CE8005CCD07 /* Products */,
				A5F8EEDC56D4D2E8D3D0F607 /* Pods */,
				5E18DAB0AC519804EA72488C /* Frameworks */,
			);
			sourceTree = "<group>";
		};
		96DDD67819DC9CE8005CCD07 /* Products */ = {
			isa = PBXGroup;
			children = (
				96DDD67719DC9CE8005CCD07 /* Charlotte.framework */,
				96DDD68219DC9CE8005CCD07 /* CharlotteTests.xctest */,
			);
			name = Products;
			sourceTree = "<group>";
		};
		96DDD67919DC9CE8005CCD07 /* Charlotte */ = {
			isa = PBXGroup;
			children = (
				96DDD67C19DC9CE8005CCD07 /* Charlotte.h */,
				969E2A5619F1B0E60036C0C2 /* Vendor */,
				969ABDF319F04EE4007D03C5 /* Cells */,
				969ABDF419F04EF1007D03C5 /* SupplementaryViews */,
				969ABDF519F04F0A007D03C5 /* Layouts */,
				9688C35019F57E19006D9096 /* CHTouchGestureRecognizer.h */,
				9688C35119F57E19006D9096 /* CHTouchGestureRecognizer.m */,
				9691DFCA19ED6DF100386A5D /* CHGridlineView.h */,
				9691DFCB19ED6DF100386A5D /* CHGridlineView.m */,
				96839ABA19EEF23E0094AED9 /* CHBarChartView.h */,
				96839ABB19EEF23E0094AED9 /* CHBarChartView.m */,
				96839AC219EEF3330094AED9 /* CHLineChartView.h */,
				96839AC319EEF3330094AED9 /* CHLineChartView.m */,
				96839AC619EEF59A0094AED9 /* CHChartView_Private.h */,
				964D232819E708FE0096F3FD /* CHChartView.h */,
				964D232919E708FE0096F3FD /* CHChartView.m */,
				96DDD67A19DC9CE8005CCD07 /* Supporting Files */,
			);
			path = Charlotte;
			sourceTree = "<group>";
		};
		96DDD67A19DC9CE8005CCD07 /* Supporting Files */ = {
			isa = PBXGroup;
			children = (
				96DDD67B19DC9CE8005CCD07 /* Info.plist */,
			);
			name = "Supporting Files";
			sourceTree = "<group>";
		};
		96DDD68319DC9CE8005CCD07 /* CharlotteTests */ = {
			isa = PBXGroup;
			children = (
				96DDD68419DC9CE8005CCD07 /* Supporting Files */,
			);
			path = CharlotteTests;
			sourceTree = "<group>";
		};
		96DDD68419DC9CE8005CCD07 /* Supporting Files */ = {
			isa = PBXGroup;
			children = (
				96DDD68519DC9CE8005CCD07 /* Info.plist */,
			);
			name = "Supporting Files";
			sourceTree = "<group>";
		};
		A5F8EEDC56D4D2E8D3D0F607 /* Pods */ = {
			isa = PBXGroup;
			children = (
				A1B103F3F5490C4C888EB57F /* Pods-CharlotteTests.debug.xcconfig */,
				58113B0BC0B1A30968254A1C /* Pods-CharlotteTests.release.xcconfig */,
			);
			name = Pods;
			sourceTree = "<group>";
		};
/* End PBXGroup section */

/* Begin PBXHeadersBuildPhase section */
		96DDD67419DC9CE8005CCD07 /* Headers */ = {
			isa = PBXHeadersBuildPhase;
			buildActionMask = 2147483647;
			files = (
				96839AC019EEF3140094AED9 /* CHPointCell.h in Headers */,
				9691DFCC19ED6DF100386A5D /* CHGridlineView.h in Headers */,
				96839ABC19EEF23E0094AED9 /* CHBarChartView.h in Headers */,
				964D233219E71AE90096F3FD /* CHPagingChartFlowLayout.h in Headers */,
				96DDD67D19DC9CE8005CCD07 /* Charlotte.h in Headers */,
				9688C35219F57E19006D9096 /* CHTouchGestureRecognizer.h in Headers */,
				96839AC919EEFC070094AED9 /* CHPointCell_Private.h in Headers */,
				96839AC719EEF59A0094AED9 /* CHChartView_Private.h in Headers */,
				964D232A19E708FE0096F3FD /* CHChartView.h in Headers */,
				962BBDB619F03D290038597C /* CHLineView.h in Headers */,
				969E2A5919F1B1050036C0C2 /* UIBezierPath+Interpolation.h in Headers */,
				964D233619E7510E0096F3FD /* CHBarCell.h in Headers */,
				969E2A5D19F1B11E0036C0C2 /* CGPointExtension.h in Headers */,
				96839AC419EEF3330094AED9 /* CHLineChartView.h in Headers */,
				969ABDF819F04F72007D03C5 /* CHPagingLineChartFlowLayout.h in Headers */,
				968D2FB519E81EC40071306C /* CHHeaderView.h in Headers */,
			);
			runOnlyForDeploymentPostprocessing = 0;
		};
/* End PBXHeadersBuildPhase section */

/* Begin PBXNativeTarget section */
		96DDD67619DC9CE8005CCD07 /* Charlotte */ = {
			isa = PBXNativeTarget;
			buildConfigurationList = 96DDD68A19DC9CE8005CCD07 /* Build configuration list for PBXNativeTarget "Charlotte" */;
			buildPhases = (
				96DDD67219DC9CE8005CCD07 /* Sources */,
				96DDD67319DC9CE8005CCD07 /* Frameworks */,
				96DDD67419DC9CE8005CCD07 /* Headers */,
				96DDD67519DC9CE8005CCD07 /* Resources */,
			);
			buildRules = (
			);
			dependencies = (
			);
			name = Charlotte;
			productName = Charlotte;
			productReference = 96DDD67719DC9CE8005CCD07 /* Charlotte.framework */;
			productType = "com.apple.product-type.framework";
		};
		96DDD68119DC9CE8005CCD07 /* CharlotteTests */ = {
			isa = PBXNativeTarget;
			buildConfigurationList = 96DDD68D19DC9CE8005CCD07 /* Build configuration list for PBXNativeTarget "CharlotteTests" */;
			buildPhases = (
				3D176293B0E84B41BB4C84C0 /* Check Pods Manifest.lock */,
				96DDD67E19DC9CE8005CCD07 /* Sources */,
				96DDD67F19DC9CE8005CCD07 /* Frameworks */,
				96DDD68019DC9CE8005CCD07 /* Resources */,
				AB26C2F022EF98DE4854CC40 /* Copy Pods Resources */,
			);
			buildRules = (
			);
			dependencies = (
				9696A03219DDA0D80085A508 /* PBXTargetDependency */,
			);
			name = CharlotteTests;
			productName = CharlotteTests;
			productReference = 96DDD68219DC9CE8005CCD07 /* CharlotteTests.xctest */;
			productType = "com.apple.product-type.bundle.unit-test";
		};
/* End PBXNativeTarget section */

/* Begin PBXProject section */
		96DDD66E19DC9CE8005CCD07 /* Project object */ = {
			isa = PBXProject;
			attributes = {
				LastUpgradeCheck = 0600;
				ORGANIZATIONNAME = "Project Florida";
				TargetAttributes = {
					96DDD67619DC9CE8005CCD07 = {
						CreatedOnToolsVersion = 6.0;
					};
					96DDD68119DC9CE8005CCD07 = {
						CreatedOnToolsVersion = 6.0;
					};
				};
			};
			buildConfigurationList = 96DDD67119DC9CE8005CCD07 /* Build configuration list for PBXProject "Charlotte" */;
			compatibilityVersion = "Xcode 3.2";
			developmentRegion = English;
			hasScannedForEncodings = 0;
			knownRegions = (
				en,
			);
			mainGroup = 96DDD66D19DC9CE8005CCD07;
			productRefGroup = 96DDD67819DC9CE8005CCD07 /* Products */;
			projectDirPath = "";
			projectRoot = "";
			targets = (
				96DDD67619DC9CE8005CCD07 /* Charlotte */,
				96DDD68119DC9CE8005CCD07 /* CharlotteTests */,
			);
		};
/* End PBXProject section */

/* Begin PBXResourcesBuildPhase section */
		96DDD67519DC9CE8005CCD07 /* Resources */ = {
			isa = PBXResourcesBuildPhase;
			buildActionMask = 2147483647;
			files = (
			);
			runOnlyForDeploymentPostprocessing = 0;
		};
		96DDD68019DC9CE8005CCD07 /* Resources */ = {
			isa = PBXResourcesBuildPhase;
			buildActionMask = 2147483647;
			files = (
			);
			runOnlyForDeploymentPostprocessing = 0;
		};
/* End PBXResourcesBuildPhase section */

/* Begin PBXShellScriptBuildPhase section */
		3D176293B0E84B41BB4C84C0 /* Check Pods Manifest.lock */ = {
			isa = PBXShellScriptBuildPhase;
			buildActionMask = 2147483647;
			files = (
			);
			inputPaths = (
			);
			name = "Check Pods Manifest.lock";
			outputPaths = (
			);
			runOnlyForDeploymentPostprocessing = 0;
			shellPath = /bin/sh;
			shellScript = "diff \"${PODS_ROOT}/../Podfile.lock\" \"${PODS_ROOT}/Manifest.lock\" > /dev/null\nif [[ $? != 0 ]] ; then\n    cat << EOM\nerror: The sandbox is not in sync with the Podfile.lock. Run 'pod install' or update your CocoaPods installation.\nEOM\n    exit 1\nfi\n";
			showEnvVarsInLog = 0;
		};
		AB26C2F022EF98DE4854CC40 /* Copy Pods Resources */ = {
			isa = PBXShellScriptBuildPhase;
			buildActionMask = 2147483647;
			files = (
			);
			inputPaths = (
			);
			name = "Copy Pods Resources";
			outputPaths = (
			);
			runOnlyForDeploymentPostprocessing = 0;
			shellPath = /bin/sh;
			shellScript = "\"${SRCROOT}/Pods/Target Support Files/Pods-CharlotteTests/Pods-CharlotteTests-resources.sh\"\n";
			showEnvVarsInLog = 0;
		};
/* End PBXShellScriptBuildPhase section */

/* Begin PBXSourcesBuildPhase section */
		96DDD67219DC9CE8005CCD07 /* Sources */ = {
			isa = PBXSourcesBuildPhase;
			buildActionMask = 2147483647;
			files = (
				964D233719E7510E0096F3FD /* CHBarCell.m in Sources */,
				9691DFCD19ED6DF100386A5D /* CHGridlineView.m in Sources */,
				9688C35319F57E19006D9096 /* CHTouchGestureRecognizer.m in Sources */,
				96839ABD19EEF23E0094AED9 /* CHBarChartView.m in Sources */,
				964D233319E71AE90096F3FD /* CHPagingChartFlowLayout.m in Sources */,
				96839AC519EEF3330094AED9 /* CHLineChartView.m in Sources */,
				969E2A5A19F1B1050036C0C2 /* UIBezierPath+Interpolation.m in Sources */,
				969E2A5E19F1B11E0036C0C2 /* CGPointExtension.m in Sources */,
				964D232B19E708FE0096F3FD /* CHChartView.m in Sources */,
				962BBDB719F03D290038597C /* CHLineView.m in Sources */,
				968D2FB619E81EC40071306C /* CHHeaderView.m in Sources */,
				96839AC119EEF3140094AED9 /* CHPointCell.m in Sources */,
				969ABDF919F04F72007D03C5 /* CHPagingLineChartFlowLayout.m in Sources */,
			);
			runOnlyForDeploymentPostprocessing = 0;
		};
		96DDD67E19DC9CE8005CCD07 /* Sources */ = {
			isa = PBXSourcesBuildPhase;
			buildActionMask = 2147483647;
			files = (
			);
			runOnlyForDeploymentPostprocessing = 0;
		};
/* End PBXSourcesBuildPhase section */

/* Begin PBXTargetDependency section */
		9696A03219DDA0D80085A508 /* PBXTargetDependency */ = {
			isa = PBXTargetDependency;
			target = 96DDD67619DC9CE8005CCD07 /* Charlotte */;
			targetProxy = 9696A03119DDA0D80085A508 /* PBXContainerItemProxy */;
		};
/* End PBXTargetDependency section */

/* Begin XCBuildConfiguration section */
		96DDD68819DC9CE8005CCD07 /* Debug */ = {
			isa = XCBuildConfiguration;
			buildSettings = {
				ALWAYS_SEARCH_USER_PATHS = NO;
				CLANG_CXX_LANGUAGE_STANDARD = "gnu++0x";
				CLANG_CXX_LIBRARY = "libc++";
				CLANG_ENABLE_MODULES = YES;
				CLANG_ENABLE_OBJC_ARC = YES;
				CLANG_WARN_BOOL_CONVERSION = YES;
				CLANG_WARN_CONSTANT_CONVERSION = YES;
				CLANG_WARN_DIRECT_OBJC_ISA_USAGE = YES_ERROR;
				CLANG_WARN_EMPTY_BODY = YES;
				CLANG_WARN_ENUM_CONVERSION = YES;
				CLANG_WARN_INT_CONVERSION = YES;
				CLANG_WARN_OBJC_ROOT_CLASS = YES_ERROR;
				CLANG_WARN_UNREACHABLE_CODE = YES;
				CLANG_WARN__DUPLICATE_METHOD_MATCH = YES;
				"CODE_SIGN_IDENTITY[sdk=iphoneos*]" = "iPhone Developer";
				COPY_PHASE_STRIP = NO;
				CURRENT_PROJECT_VERSION = 1;
				ENABLE_STRICT_OBJC_MSGSEND = YES;
				GCC_C_LANGUAGE_STANDARD = gnu99;
				GCC_DYNAMIC_NO_PIC = NO;
				GCC_OPTIMIZATION_LEVEL = 0;
				GCC_PREPROCESSOR_DEFINITIONS = (
					"DEBUG=1",
					"$(inherited)",
				);
				GCC_SYMBOLS_PRIVATE_EXTERN = NO;
				GCC_WARN_64_TO_32_BIT_CONVERSION = YES;
				GCC_WARN_ABOUT_RETURN_TYPE = YES_ERROR;
				GCC_WARN_UNDECLARED_SELECTOR = YES;
				GCC_WARN_UNINITIALIZED_AUTOS = YES_AGGRESSIVE;
				GCC_WARN_UNUSED_FUNCTION = YES;
				GCC_WARN_UNUSED_VARIABLE = YES;
				IPHONEOS_DEPLOYMENT_TARGET = 8.0;
				MTL_ENABLE_DEBUG_INFO = YES;
				ONLY_ACTIVE_ARCH = YES;
				SDKROOT = iphoneos;
				TARGETED_DEVICE_FAMILY = "1,2";
				VERSIONING_SYSTEM = "apple-generic";
				VERSION_INFO_PREFIX = "";
			};
			name = Debug;
		};
		96DDD68919DC9CE8005CCD07 /* Release */ = {
			isa = XCBuildConfiguration;
			buildSettings = {
				ALWAYS_SEARCH_USER_PATHS = NO;
				CLANG_CXX_LANGUAGE_STANDARD = "gnu++0x";
				CLANG_CXX_LIBRARY = "libc++";
				CLANG_ENABLE_MODULES = YES;
				CLANG_ENABLE_OBJC_ARC = YES;
				CLANG_WARN_BOOL_CONVERSION = YES;
				CLANG_WARN_CONSTANT_CONVERSION = YES;
				CLANG_WARN_DIRECT_OBJC_ISA_USAGE = YES_ERROR;
				CLANG_WARN_EMPTY_BODY = YES;
				CLANG_WARN_ENUM_CONVERSION = YES;
				CLANG_WARN_INT_CONVERSION = YES;
				CLANG_WARN_OBJC_ROOT_CLASS = YES_ERROR;
				CLANG_WARN_UNREACHABLE_CODE = YES;
				CLANG_WARN__DUPLICATE_METHOD_MATCH = YES;
				"CODE_SIGN_IDENTITY[sdk=iphoneos*]" = "iPhone Developer";
				COPY_PHASE_STRIP = YES;
				CURRENT_PROJECT_VERSION = 1;
				ENABLE_NS_ASSERTIONS = NO;
				ENABLE_STRICT_OBJC_MSGSEND = YES;
				GCC_C_LANGUAGE_STANDARD = gnu99;
				GCC_WARN_64_TO_32_BIT_CONVERSION = YES;
				GCC_WARN_ABOUT_RETURN_TYPE = YES_ERROR;
				GCC_WARN_UNDECLARED_SELECTOR = YES;
				GCC_WARN_UNINITIALIZED_AUTOS = YES_AGGRESSIVE;
				GCC_WARN_UNUSED_FUNCTION = YES;
				GCC_WARN_UNUSED_VARIABLE = YES;
				IPHONEOS_DEPLOYMENT_TARGET = 8.0;
				MTL_ENABLE_DEBUG_INFO = NO;
				SDKROOT = iphoneos;
				TARGETED_DEVICE_FAMILY = "1,2";
				VALIDATE_PRODUCT = YES;
				VERSIONING_SYSTEM = "apple-generic";
				VERSION_INFO_PREFIX = "";
			};
			name = Release;
		};
		96DDD68B19DC9CE8005CCD07 /* Debug */ = {
			isa = XCBuildConfiguration;
			buildSettings = {
				DEFINES_MODULE = YES;
				DYLIB_COMPATIBILITY_VERSION = 1;
				DYLIB_CURRENT_VERSION = 1;
				DYLIB_INSTALL_NAME_BASE = "@rpath";
				INFOPLIST_FILE = Charlotte/Info.plist;
				INSTALL_PATH = "$(LOCAL_LIBRARY_DIR)/Frameworks";
				LD_RUNPATH_SEARCH_PATHS = "$(inherited) @executable_path/Frameworks @loader_path/Frameworks";
				PRODUCT_NAME = "$(TARGET_NAME)";
				SKIP_INSTALL = YES;
			};
			name = Debug;
		};
		96DDD68C19DC9CE8005CCD07 /* Release */ = {
			isa = XCBuildConfiguration;
			buildSettings = {
				DEFINES_MODULE = YES;
				DYLIB_COMPATIBILITY_VERSION = 1;
				DYLIB_CURRENT_VERSION = 1;
				DYLIB_INSTALL_NAME_BASE = "@rpath";
				INFOPLIST_FILE = Charlotte/Info.plist;
				INSTALL_PATH = "$(LOCAL_LIBRARY_DIR)/Frameworks";
				LD_RUNPATH_SEARCH_PATHS = "$(inherited) @executable_path/Frameworks @loader_path/Frameworks";
				PRODUCT_NAME = "$(TARGET_NAME)";
				SKIP_INSTALL = YES;
			};
			name = Release;
		};
		96DDD68E19DC9CE8005CCD07 /* Debug */ = {
			isa = XCBuildConfiguration;
			baseConfigurationReference = A1B103F3F5490C4C888EB57F /* Pods-CharlotteTests.debug.xcconfig */;
			buildSettings = {
				FRAMEWORK_SEARCH_PATHS = (
					"$(SDKROOT)/Developer/Library/Frameworks",
					"$(inherited)",
				);
				GCC_PREPROCESSOR_DEFINITIONS = (
					"DEBUG=1",
					"$(inherited)",
				);
				INFOPLIST_FILE = CharlotteTests/Info.plist;
				LD_RUNPATH_SEARCH_PATHS = "$(inherited) @executable_path/Frameworks @loader_path/Frameworks";
				PRODUCT_NAME = "$(TARGET_NAME)";
			};
			name = Debug;
		};
		96DDD68F19DC9CE8005CCD07 /* Release */ = {
			isa = XCBuildConfiguration;
			baseConfigurationReference = 58113B0BC0B1A30968254A1C /* Pods-CharlotteTests.release.xcconfig */;
			buildSettings = {
				FRAMEWORK_SEARCH_PATHS = (
					"$(SDKROOT)/Developer/Library/Frameworks",
					"$(inherited)",
				);
				INFOPLIST_FILE = CharlotteTests/Info.plist;
				LD_RUNPATH_SEARCH_PATHS = "$(inherited) @executable_path/Frameworks @loader_path/Frameworks";
				PRODUCT_NAME = "$(TARGET_NAME)";
			};
			name = Release;
		};
/* End XCBuildConfiguration section */

/* Begin XCConfigurationList section */
		96DDD67119DC9CE8005CCD07 /* Build configuration list for PBXProject "Charlotte" */ = {
			isa = XCConfigurationList;
			buildConfigurations = (
				96DDD68819DC9CE8005CCD07 /* Debug */,
				96DDD68919DC9CE8005CCD07 /* Release */,
			);
			defaultConfigurationIsVisible = 0;
			defaultConfigurationName = Release;
		};
		96DDD68A19DC9CE8005CCD07 /* Build configuration list for PBXNativeTarget "Charlotte" */ = {
			isa = XCConfigurationList;
			buildConfigurations = (
				96DDD68B19DC9CE8005CCD07 /* Debug */,
				96DDD68C19DC9CE8005CCD07 /* Release */,
			);
			defaultConfigurationIsVisible = 0;
			defaultConfigurationName = Release;
		};
		96DDD68D19DC9CE8005CCD07 /* Build configuration list for PBXNativeTarget "CharlotteTests" */ = {
			isa = XCConfigurationList;
			buildConfigurations = (
				96DDD68E19DC9CE8005CCD07 /* Debug */,
				96DDD68F19DC9CE8005CCD07 /* Release */,
			);
			defaultConfigurationIsVisible = 0;
			defaultConfigurationName = Release;
		};
/* End XCConfigurationList section */
	};
	rootObject = 96DDD66E19DC9CE8005CCD07 /* Project object */;
}
